<?xml version="1.0" encoding="utf-8"?>
<Project ToolsVersion="4.0" xmlns="http://schemas.microsoft.com/developer/msbuild/2003">
  <ItemGroup>
    <Filter Include="源文件">
      <UniqueIdentifier>{4FC737F1-C7A5-4376-A066-2A32D752A2FF}</UniqueIdentifier>
      <Extensions>cpp;c;cc;cxx;def;odl;idl;hpj;bat;asm;asmx</Extensions>
    </Filter>
    <Filter Include="头文件">
      <UniqueIdentifier>{93995380-89BD-4b04-88EB-625FBE52EBFB}</UniqueIdentifier>
      <Extensions>h;hpp;hxx;hm;inl;inc;xsd</Extensions>
    </Filter>
    <Filter Include="资源文件">
      <UniqueIdentifier>{67DA6AB6-F800-4c08-8B7A-83BB121AAD01}</UniqueIdentifier>
      <Extensions>rc;ico;cur;bmp;dlg;rc2;rct;bin;rgs;gif;jpg;jpeg;jpe;resx;tiff;tif;png;wav;mfcribbon-ms</Extensions>
    </Filter>
    <Filter Include="源文件\http_client">
      <UniqueIdentifier>{0ca56862-8ddf-4a80-aa3a-c557e95a751e}</UniqueIdentifier>
    </Filter>
    <Filter Include="头文件\http_client">
      <UniqueIdentifier>{474a6c39-6944-4710-8c96-da6968a72693}</UniqueIdentifier>
    </Filter>
    <Filter Include="头文件\util">
      <UniqueIdentifier>{edc11971-3a89-4bde-b782-d037fab92749}</UniqueIdentifier>
    </Filter>
    <Filter Include="源文件\util">
      <UniqueIdentifier>{f2084137-1ae1-4fb1-8eaa-952a10cb41cc}</UniqueIdentifier>
    </Filter>
  </ItemGroup>
  <ItemGroup>
    <Text Include="ReadMe.txt" />
  </ItemGroup>
  <ItemGroup>
    <ClCompile Include="src\simple_impl.cpp">
      <Filter>源文件</Filter>
    </ClCompile>
    <ClCompile Include="src\http_client\http_client.cpp">
      <Filter>源文件\http_client</Filter>
    </ClCompile>
    <ClCompile Include="src\util\string_util.cpp">
      <Filter>源文件\util</Filter>
    </ClCompile>
    <ClCompile Include="src\util\socket_util.cpp">
      <Filter>源文件\util</Filter>
    </ClCompile>
    <ClCompile Include="src\http_client\http_request_header.cpp">
      <Filter>源文件\http_client</Filter>
    </ClCompile>
    <ClCompile Include="src\http_client\http_client_test.cpp">
      <Filter>源文件\http_client</Filter>
    </ClCompile>
  </ItemGroup>
  <ItemGroup>
    <ClInclude Include="src\http_client\http_client.h">
      <Filter>头文件\http_client</Filter>
    </ClInclude>
    <ClInclude Include="src\util\string_util.h">
      <Filter>头文件\util</Filter>
    </ClInclude>
    <ClInclude Include="src\util\socket_util.h">
      <Filter>头文件\util</Filter>
    </ClInclude>
    <ClInclude Include="src\http_client\http_request_header.h">
      <Filter>头文件\http_client</Filter>
    </ClInclude>
    <ClInclude Include="src\http_client\http_client_test.h">
      <Filter>头文件\http_client</Filter>
    </ClInclude>
  </ItemGroup>
</Project>